// !$*UTF8*$!
{
	archiveVersion = 1;
	classes = {
	};
	objectVersion = 55;
	objects = {

/* Begin PBXBuildFile section */
		6309E17229385170002715CA /* UIViewController.swift in Sources */ = {isa = PBXBuildFile; fileRef = 6309E17129385170002715CA /* UIViewController.swift */; };
		6309E175293866F4002715CA /* ScanPopup.swift in Sources */ = {isa = PBXBuildFile; fileRef = 6309E174293866F4002715CA /* ScanPopup.swift */; };
		6339757C2936FB4900912628 /* ManualController.swift in Sources */ = {isa = PBXBuildFile; fileRef = 6339757B2936FB4900912628 /* ManualController.swift */; };
		6339757E293700F400912628 /* UIImage.swift in Sources */ = {isa = PBXBuildFile; fileRef = 6339757D293700F400912628 /* UIImage.swift */; };
		633975802937187100912628 /* UILabel.swift in Sources */ = {isa = PBXBuildFile; fileRef = 6339757F2937187100912628 /* UILabel.swift */; };
		63397582293733F800912628 /* ScannerController.swift in Sources */ = {isa = PBXBuildFile; fileRef = 63397581293733F800912628 /* ScannerController.swift */; };
		638E756D29348E7700388FF5 /* AppDelegate.swift in Sources */ = {isa = PBXBuildFile; fileRef = 638E756C29348E7700388FF5 /* AppDelegate.swift */; };
		638E757129348E7700388FF5 /* ViewController.swift in Sources */ = {isa = PBXBuildFile; fileRef = 638E757029348E7700388FF5 /* ViewController.swift */; };
		638E757729348E7700388FF5 /* Lotto.xcdatamodeld in Sources */ = {isa = PBXBuildFile; fileRef = 638E757529348E7700388FF5 /* Lotto.xcdatamodeld */; };
		638E757929348E7800388FF5 /* Assets.xcassets in Resources */ = {isa = PBXBuildFile; fileRef = 638E757829348E7800388FF5 /* Assets.xcassets */; };
		638E757C29348E7800388FF5 /* LaunchScreen.storyboard in Resources */ = {isa = PBXBuildFile; fileRef = 638E757A29348E7800388FF5 /* LaunchScreen.storyboard */; };
		638E758A2934913C00388FF5 /* MainTabBarController.swift in Sources */ = {isa = PBXBuildFile; fileRef = 638E75892934913C00388FF5 /* MainTabBarController.swift */; };
		638E75902934922F00388FF5 /* HomeController.swift in Sources */ = {isa = PBXBuildFile; fileRef = 638E758F2934922F00388FF5 /* HomeController.swift */; };
		638E7594293492C000388FF5 /* UIColor.swift in Sources */ = {isa = PBXBuildFile; fileRef = 638E7593293492C000388FF5 /* UIColor.swift */; };
		638E75962934939200388FF5 /* PersistenceService.swift in Sources */ = {isa = PBXBuildFile; fileRef = 638E75952934939200388FF5 /* PersistenceService.swift */; };
		638E75982934960D00388FF5 /* MyNumberController.swift in Sources */ = {isa = PBXBuildFile; fileRef = 638E75972934960D00388FF5 /* MyNumberController.swift */; };
		638E759A2934968A00388FF5 /* SettingCollection.swift in Sources */ = {isa = PBXBuildFile; fileRef = 638E75992934968A00388FF5 /* SettingCollection.swift */; };
		638E759C29349BD600388FF5 /* ScannerView.swift in Sources */ = {isa = PBXBuildFile; fileRef = 638E759B29349BD600388FF5 /* ScannerView.swift */; };
		63DD1FB12935927B006FA99D /* StoreController.swift in Sources */ = {isa = PBXBuildFile; fileRef = 63DD1FB02935927B006FA99D /* StoreController.swift */; };
		63DD1FC02935A527006FA99D /* MyNumberCell.swift in Sources */ = {isa = PBXBuildFile; fileRef = 63DD1FBF2935A527006FA99D /* MyNumberCell.swift */; };
		63DD1FC22935A5C2006FA99D /* MyNumberHeader.swift in Sources */ = {isa = PBXBuildFile; fileRef = 63DD1FC12935A5C2006FA99D /* MyNumberHeader.swift */; };
		63DD1FD42935EC10006FA99D /* GmarketSansBold.otf in Resources */ = {isa = PBXBuildFile; fileRef = 63DD1FD22935EBB4006FA99D /* GmarketSansBold.otf */; };
		63DD1FD52935EC14006FA99D /* GmarketSansMedium.otf in Resources */ = {isa = PBXBuildFile; fileRef = 63DD1FD32935EBB4006FA99D /* GmarketSansMedium.otf */; };
		63DD1FD72935EC25006FA99D /* UIFont.swift in Sources */ = {isa = PBXBuildFile; fileRef = 63DD1FD62935EC25006FA99D /* UIFont.swift */; };
		63F1744B2938351200A0CD21 /* QRScan.swift in Sources */ = {isa = PBXBuildFile; fileRef = 63F1744A2938351200A0CD21 /* QRScan.swift */; };
		FFBC59BFB4615DDCCA1133A2 /* Pods_Lotto.framework in Frameworks */ = {isa = PBXBuildFile; fileRef = B76A8AB2D9D453E62C432630 /* Pods_Lotto.framework */; };
/* End PBXBuildFile section */

/* Begin PBXFileReference section */
		192D471E7329EB64E9884752 /* Pods-Lotto.debug.xcconfig */ = {isa = PBXFileReference; includeInIndex = 1; lastKnownFileType = text.xcconfig; name = "Pods-Lotto.debug.xcconfig"; path = "Target Support Files/Pods-Lotto/Pods-Lotto.debug.xcconfig"; sourceTree = "<group>"; };
		6309E17129385170002715CA /* UIViewController.swift */ = {isa = PBXFileReference; lastKnownFileType = sourcecode.swift; path = UIViewController.swift; sourceTree = "<group>"; };
		6309E174293866F4002715CA /* ScanPopup.swift */ = {isa = PBXFileReference; lastKnownFileType = sourcecode.swift; path = ScanPopup.swift; sourceTree = "<group>"; };
		6339757B2936FB4900912628 /* ManualController.swift */ = {isa = PBXFileReference; lastKnownFileType = sourcecode.swift; path = ManualController.swift; sourceTree = "<group>"; };
		6339757D293700F400912628 /* UIImage.swift */ = {isa = PBXFileReference; lastKnownFileType = sourcecode.swift; path = UIImage.swift; sourceTree = "<group>"; };
		6339757F2937187100912628 /* UILabel.swift */ = {isa = PBXFileReference; lastKnownFileType = sourcecode.swift; path = UILabel.swift; sourceTree = "<group>"; };
		63397581293733F800912628 /* ScannerController.swift */ = {isa = PBXFileReference; lastKnownFileType = sourcecode.swift; path = ScannerController.swift; sourceTree = "<group>"; };
		638E756929348E7700388FF5 /* Lotto.app */ = {isa = PBXFileReference; explicitFileType = wrapper.application; includeInIndex = 0; path = Lotto.app; sourceTree = BUILT_PRODUCTS_DIR; };
		638E756C29348E7700388FF5 /* AppDelegate.swift */ = {isa = PBXFileReference; lastKnownFileType = sourcecode.swift; path = AppDelegate.swift; sourceTree = "<group>"; };
		638E757029348E7700388FF5 /* ViewController.swift */ = {isa = PBXFileReference; lastKnownFileType = sourcecode.swift; path = ViewController.swift; sourceTree = "<group>"; };
		638E757629348E7700388FF5 /* Lotto.xcdatamodel */ = {isa = PBXFileReference; lastKnownFileType = wrapper.xcdatamodel; path = Lotto.xcdatamodel; sourceTree = "<group>"; };
		638E757829348E7800388FF5 /* Assets.xcassets */ = {isa = PBXFileReference; lastKnownFileType = folder.assetcatalog; path = Assets.xcassets; sourceTree = "<group>"; };
		638E757B29348E7800388FF5 /* Base */ = {isa = PBXFileReference; lastKnownFileType = file.storyboard; name = Base; path = Base.lproj/LaunchScreen.storyboard; sourceTree = "<group>"; };
		638E757D29348E7800388FF5 /* Info.plist */ = {isa = PBXFileReference; lastKnownFileType = text.plist.xml; path = Info.plist; sourceTree = "<group>"; };
		638E75892934913C00388FF5 /* MainTabBarController.swift */ = {isa = PBXFileReference; lastKnownFileType = sourcecode.swift; path = MainTabBarController.swift; sourceTree = "<group>"; };
		638E758F2934922F00388FF5 /* HomeController.swift */ = {isa = PBXFileReference; lastKnownFileType = sourcecode.swift; path = HomeController.swift; sourceTree = "<group>"; };
		638E7593293492C000388FF5 /* UIColor.swift */ = {isa = PBXFileReference; lastKnownFileType = sourcecode.swift; path = UIColor.swift; sourceTree = "<group>"; };
		638E75952934939200388FF5 /* PersistenceService.swift */ = {isa = PBXFileReference; lastKnownFileType = sourcecode.swift; path = PersistenceService.swift; sourceTree = "<group>"; };
		638E75972934960D00388FF5 /* MyNumberController.swift */ = {isa = PBXFileReference; lastKnownFileType = sourcecode.swift; path = MyNumberController.swift; sourceTree = "<group>"; };
		638E75992934968A00388FF5 /* SettingCollection.swift */ = {isa = PBXFileReference; lastKnownFileType = sourcecode.swift; path = SettingCollection.swift; sourceTree = "<group>"; };
		638E759B29349BD600388FF5 /* ScannerView.swift */ = {isa = PBXFileReference; lastKnownFileType = sourcecode.swift; path = ScannerView.swift; sourceTree = "<group>"; };
		63DD1FB02935927B006FA99D /* StoreController.swift */ = {isa = PBXFileReference; lastKnownFileType = sourcecode.swift; name = StoreController.swift; path = Lotto/Common/Views/StoreController.swift; sourceTree = SOURCE_ROOT; };
		63DD1FBF2935A527006FA99D /* MyNumberCell.swift */ = {isa = PBXFileReference; lastKnownFileType = sourcecode.swift; path = MyNumberCell.swift; sourceTree = "<group>"; };
		63DD1FC12935A5C2006FA99D /* MyNumberHeader.swift */ = {isa = PBXFileReference; lastKnownFileType = sourcecode.swift; path = MyNumberHeader.swift; sourceTree = "<group>"; };
		63DD1FD22935EBB4006FA99D /* GmarketSansBold.otf */ = {isa = PBXFileReference; lastKnownFileType = file; path = GmarketSansBold.otf; sourceTree = "<group>"; };
		63DD1FD32935EBB4006FA99D /* GmarketSansMedium.otf */ = {isa = PBXFileReference; lastKnownFileType = file; path = GmarketSansMedium.otf; sourceTree = "<group>"; };
		63DD1FD62935EC25006FA99D /* UIFont.swift */ = {isa = PBXFileReference; lastKnownFileType = sourcecode.swift; path = UIFont.swift; sourceTree = "<group>"; };
		63F1744A2938351200A0CD21 /* QRScan.swift */ = {isa = PBXFileReference; lastKnownFileType = sourcecode.swift; name = QRScan.swift; path = Lotto/ViewController/MyNumber/QRScan.swift; sourceTree = SOURCE_ROOT; };
		7329730CFF7CF56F497E90E1 /* Pods-Lotto.release.xcconfig */ = {isa = PBXFileReference; includeInIndex = 1; lastKnownFileType = text.xcconfig; name = "Pods-Lotto.release.xcconfig"; path = "Target Support Files/Pods-Lotto/Pods-Lotto.release.xcconfig"; sourceTree = "<group>"; };
		B76A8AB2D9D453E62C432630 /* Pods_Lotto.framework */ = {isa = PBXFileReference; explicitFileType = wrapper.framework; includeInIndex = 0; path = Pods_Lotto.framework; sourceTree = BUILT_PRODUCTS_DIR; };
/* End PBXFileReference section */

/* Begin PBXFrameworksBuildPhase section */
		638E756629348E7700388FF5 /* Frameworks */ = {
			isa = PBXFrameworksBuildPhase;
			buildActionMask = 2147483647;
			files = (
				FFBC59BFB4615DDCCA1133A2 /* Pods_Lotto.framework in Frameworks */,
			);
			runOnlyForDeploymentPostprocessing = 0;
		};
/* End PBXFrameworksBuildPhase section */

/* Begin PBXGroup section */
		4AD1F6FD9639015372753B39 /* Frameworks */ = {
			isa = PBXGroup;
			children = (
				B76A8AB2D9D453E62C432630 /* Pods_Lotto.framework */,
			);
			name = Frameworks;
			sourceTree = "<group>";
		};
		6309E173293866E8002715CA /* Popup */ = {
			isa = PBXGroup;
			children = (
				6309E174293866F4002715CA /* ScanPopup.swift */,
			);
			path = Popup;
			sourceTree = "<group>";
		};
		638E756029348E7700388FF5 = {
			isa = PBXGroup;
			children = (
				638E756B29348E7700388FF5 /* Lotto */,
				638E756A29348E7700388FF5 /* Products */,
				B7B0EB99EA3C1C294EF11DF6 /* Pods */,
				4AD1F6FD9639015372753B39 /* Frameworks */,
			);
			sourceTree = "<group>";
		};
		638E756A29348E7700388FF5 /* Products */ = {
			isa = PBXGroup;
			children = (
				638E756929348E7700388FF5 /* Lotto.app */,
			);
			name = Products;
			sourceTree = "<group>";
		};
		638E756B29348E7700388FF5 /* Lotto */ = {
			isa = PBXGroup;
			children = (
				638E756C29348E7700388FF5 /* AppDelegate.swift */,
				638E757029348E7700388FF5 /* ViewController.swift */,
				638E75892934913C00388FF5 /* MainTabBarController.swift */,
				638E75862934911000388FF5 /* ViewController */,
				638E75852934910900388FF5 /* Model */,
				638E75842934910300388FF5 /* CoreData */,
				638E7583293490FD00388FF5 /* Common */,
				638E757829348E7800388FF5 /* Assets.xcassets */,
				638E757A29348E7800388FF5 /* LaunchScreen.storyboard */,
				638E757D29348E7800388FF5 /* Info.plist */,
				638E757529348E7700388FF5 /* Lotto.xcdatamodeld */,
			);
			path = Lotto;
			sourceTree = "<group>";
		};
		638E7583293490FD00388FF5 /* Common */ = {
			isa = PBXGroup;
			children = (
				6309E173293866E8002715CA /* Popup */,
				638E75882934912C00388FF5 /* Views */,
				63DD1FD12935EBA6006FA99D /* Font */,
				638E75872934912300388FF5 /* Extension */,
			);
			path = Common;
			sourceTree = "<group>";
		};
		638E75842934910300388FF5 /* CoreData */ = {
			isa = PBXGroup;
			children = (
				638E75952934939200388FF5 /* PersistenceService.swift */,
			);
			path = CoreData;
			sourceTree = "<group>";
		};
		638E75852934910900388FF5 /* Model */ = {
			isa = PBXGroup;
			children = (
				63F1744A2938351200A0CD21 /* QRScan.swift */,
			);
			path = Model;
			sourceTree = "<group>";
		};
		638E75862934911000388FF5 /* ViewController */ = {
			isa = PBXGroup;
			children = (
				638E758E2934917000388FF5 /* Home */,
				638E758D2934915200388FF5 /* MyNumber */,
				638E758C2934914900388FF5 /* Store */,
				638E758B2934914300388FF5 /* Setting */,
			);
			path = ViewController;
			sourceTree = "<group>";
		};
		638E75872934912300388FF5 /* Extension */ = {
			isa = PBXGroup;
			children = (
				638E7593293492C000388FF5 /* UIColor.swift */,
				63DD1FD62935EC25006FA99D /* UIFont.swift */,
				6339757D293700F400912628 /* UIImage.swift */,
				6339757F2937187100912628 /* UILabel.swift */,
				6309E17129385170002715CA /* UIViewController.swift */,
			);
			path = Extension;
			sourceTree = "<group>";
		};
		638E75882934912C00388FF5 /* Views */ = {
			isa = PBXGroup;
			children = (
				638E759B29349BD600388FF5 /* ScannerView.swift */,
			);
			path = Views;
			sourceTree = "<group>";
		};
		638E758B2934914300388FF5 /* Setting */ = {
			isa = PBXGroup;
			children = (
				638E75992934968A00388FF5 /* SettingCollection.swift */,
			);
			path = Setting;
			sourceTree = "<group>";
		};
		638E758C2934914900388FF5 /* Store */ = {
			isa = PBXGroup;
			children = (
				63DD1FB02935927B006FA99D /* StoreController.swift */,
			);
			path = Store;
			sourceTree = "<group>";
		};
		638E758D2934915200388FF5 /* MyNumber */ = {
			isa = PBXGroup;
			children = (
				638E75972934960D00388FF5 /* MyNumberController.swift */,
				63DD1FC12935A5C2006FA99D /* MyNumberHeader.swift */,
				63DD1FBF2935A527006FA99D /* MyNumberCell.swift */,
				6339757B2936FB4900912628 /* ManualController.swift */,
				63397581293733F800912628 /* ScannerController.swift */,
			);
			path = MyNumber;
			sourceTree = "<group>";
		};
		638E758E2934917000388FF5 /* Home */ = {
			isa = PBXGroup;
			children = (
				638E758F2934922F00388FF5 /* HomeController.swift */,
			);
			path = Home;
			sourceTree = "<group>";
		};
		63DD1FD12935EBA6006FA99D /* Font */ = {
			isa = PBXGroup;
			children = (
				63DD1FD22935EBB4006FA99D /* GmarketSansBold.otf */,
				63DD1FD32935EBB4006FA99D /* GmarketSansMedium.otf */,
			);
			path = Font;
			sourceTree = "<group>";
		};
		B7B0EB99EA3C1C294EF11DF6 /* Pods */ = {
			isa = PBXGroup;
			children = (
				192D471E7329EB64E9884752 /* Pods-Lotto.debug.xcconfig */,
				7329730CFF7CF56F497E90E1 /* Pods-Lotto.release.xcconfig */,
			);
			path = Pods;
			sourceTree = "<group>";
		};
/* End PBXGroup section */

/* Begin PBXNativeTarget section */
		638E756829348E7700388FF5 /* Lotto */ = {
			isa = PBXNativeTarget;
			buildConfigurationList = 638E758029348E7800388FF5 /* Build configuration list for PBXNativeTarget "Lotto" */;
			buildPhases = (
				A34E903864D014AEC8F7D184 /* [CP] Check Pods Manifest.lock */,
				638E756529348E7700388FF5 /* Sources */,
				638E756629348E7700388FF5 /* Frameworks */,
				638E756729348E7700388FF5 /* Resources */,
				0C378D3033546BCF1A8D566A /* [CP] Embed Pods Frameworks */,
			);
			buildRules = (
			);
			dependencies = (
			);
			name = Lotto;
			productName = Lotto;
			productReference = 638E756929348E7700388FF5 /* Lotto.app */;
			productType = "com.apple.product-type.application";
		};
/* End PBXNativeTarget section */

/* Begin PBXProject section */
		638E756129348E7700388FF5 /* Project object */ = {
			isa = PBXProject;
			attributes = {
				BuildIndependentTargetsInParallel = 1;
				LastSwiftUpdateCheck = 1410;
				LastUpgradeCheck = 1410;
				TargetAttributes = {
					638E756829348E7700388FF5 = {
						CreatedOnToolsVersion = 14.1;
					};
				};
			};
			buildConfigurationList = 638E756429348E7700388FF5 /* Build configuration list for PBXProject "Lotto" */;
			compatibilityVersion = "Xcode 13.0";
			developmentRegion = en;
			hasScannedForEncodings = 0;
			knownRegions = (
				en,
				Base,
			);
			mainGroup = 638E756029348E7700388FF5;
			productRefGroup = 638E756A29348E7700388FF5 /* Products */;
			projectDirPath = "";
			projectRoot = "";
			targets = (
				638E756829348E7700388FF5 /* Lotto */,
			);
		};
/* End PBXProject section */

/* Begin PBXResourcesBuildPhase section */
		638E756729348E7700388FF5 /* Resources */ = {
			isa = PBXResourcesBuildPhase;
			buildActionMask = 2147483647;
			files = (
				63DD1FD52935EC14006FA99D /* GmarketSansMedium.otf in Resources */,
				63DD1FD42935EC10006FA99D /* GmarketSansBold.otf in Resources */,
				638E757C29348E7800388FF5 /* LaunchScreen.storyboard in Resources */,
				638E757929348E7800388FF5 /* Assets.xcassets in Resources */,
			);
			runOnlyForDeploymentPostprocessing = 0;
		};
/* End PBXResourcesBuildPhase section */

/* Begin PBXShellScriptBuildPhase section */
		0C378D3033546BCF1A8D566A /* [CP] Embed Pods Frameworks */ = {
			isa = PBXShellScriptBuildPhase;
			buildActionMask = 2147483647;
			files = (
			);
			inputFileListPaths = (
				"${PODS_ROOT}/Target Support Files/Pods-Lotto/Pods-Lotto-frameworks-${CONFIGURATION}-input-files.xcfilelist",
			);
			name = "[CP] Embed Pods Frameworks";
			outputFileListPaths = (
				"${PODS_ROOT}/Target Support Files/Pods-Lotto/Pods-Lotto-frameworks-${CONFIGURATION}-output-files.xcfilelist",
			);
			runOnlyForDeploymentPostprocessing = 0;
			shellPath = /bin/sh;
			shellScript = "\"${PODS_ROOT}/Target Support Files/Pods-Lotto/Pods-Lotto-frameworks.sh\"\n";
			showEnvVarsInLog = 0;
		};
		A34E903864D014AEC8F7D184 /* [CP] Check Pods Manifest.lock */ = {
			isa = PBXShellScriptBuildPhase;
			buildActionMask = 2147483647;
			files = (
			);
			inputFileListPaths = (
			);
			inputPaths = (
				"${PODS_PODFILE_DIR_PATH}/Podfile.lock",
				"${PODS_ROOT}/Manifest.lock",
			);
			name = "[CP] Check Pods Manifest.lock";
			outputFileListPaths = (
			);
			outputPaths = (
				"$(DERIVED_FILE_DIR)/Pods-Lotto-checkManifestLockResult.txt",
			);
			runOnlyForDeploymentPostprocessing = 0;
			shellPath = /bin/sh;
			shellScript = "diff \"${PODS_PODFILE_DIR_PATH}/Podfile.lock\" \"${PODS_ROOT}/Manifest.lock\" > /dev/null\nif [ $? != 0 ] ; then\n    # print error to STDERR\n    echo \"error: The sandbox is not in sync with the Podfile.lock. Run 'pod install' or update your CocoaPods installation.\" >&2\n    exit 1\nfi\n# This output is used by Xcode 'outputs' to avoid re-running this script phase.\necho \"SUCCESS\" > \"${SCRIPT_OUTPUT_FILE_0}\"\n";
			showEnvVarsInLog = 0;
		};
/* End PBXShellScriptBuildPhase section */

/* Begin PBXSourcesBuildPhase section */
		638E756529348E7700388FF5 /* Sources */ = {
			isa = PBXSourcesBuildPhase;
			buildActionMask = 2147483647;
			files = (
				633975802937187100912628 /* UILabel.swift in Sources */,
				638E757729348E7700388FF5 /* Lotto.xcdatamodeld in Sources */,
				63397582293733F800912628 /* ScannerController.swift in Sources */,
				63DD1FC22935A5C2006FA99D /* MyNumberHeader.swift in Sources */,
				63DD1FB12935927B006FA99D /* StoreController.swift in Sources */,
				638E75962934939200388FF5 /* PersistenceService.swift in Sources */,
				6309E175293866F4002715CA /* ScanPopup.swift in Sources */,
				638E75982934960D00388FF5 /* MyNumberController.swift in Sources */,
				63DD1FC02935A527006FA99D /* MyNumberCell.swift in Sources */,
				638E7594293492C000388FF5 /* UIColor.swift in Sources */,
				6339757C2936FB4900912628 /* ManualController.swift in Sources */,
				638E759A2934968A00388FF5 /* SettingCollection.swift in Sources */,
				6339757E293700F400912628 /* UIImage.swift in Sources */,
				638E757129348E7700388FF5 /* ViewController.swift in Sources */,
				638E758A2934913C00388FF5 /* MainTabBarController.swift in Sources */,
				6309E17229385170002715CA /* UIViewController.swift in Sources */,
				63DD1FD72935EC25006FA99D /* UIFont.swift in Sources */,
				638E756D29348E7700388FF5 /* AppDelegate.swift in Sources */,
				638E75902934922F00388FF5 /* HomeController.swift in Sources */,
				63F1744B2938351200A0CD21 /* QRScan.swift in Sources */,
				638E759C29349BD600388FF5 /* ScannerView.swift in Sources */,
			);
			runOnlyForDeploymentPostprocessing = 0;
		};
/* End PBXSourcesBuildPhase section */

/* Begin PBXVariantGroup section */
		638E757A29348E7800388FF5 /* LaunchScreen.storyboard */ = {
			isa = PBXVariantGroup;
			children = (
				638E757B29348E7800388FF5 /* Base */,
			);
			name = LaunchScreen.storyboard;
			sourceTree = "<group>";
		};
/* End PBXVariantGroup section */

/* Begin XCBuildConfiguration section */
		638E757E29348E7800388FF5 /* Debug */ = {
			isa = XCBuildConfiguration;
			buildSettings = {
				ALWAYS_SEARCH_USER_PATHS = NO;
				CLANG_ANALYZER_NONNULL = YES;
				CLANG_ANALYZER_NUMBER_OBJECT_CONVERSION = YES_AGGRESSIVE;
				CLANG_CXX_LANGUAGE_STANDARD = "gnu++20";
				CLANG_ENABLE_MODULES = YES;
				CLANG_ENABLE_OBJC_ARC = YES;
				CLANG_ENABLE_OBJC_WEAK = YES;
				CLANG_WARN_BLOCK_CAPTURE_AUTORELEASING = YES;
				CLANG_WARN_BOOL_CONVERSION = YES;
				CLANG_WARN_COMMA = YES;
				CLANG_WARN_CONSTANT_CONVERSION = YES;
				CLANG_WARN_DEPRECATED_OBJC_IMPLEMENTATIONS = YES;
				CLANG_WARN_DIRECT_OBJC_ISA_USAGE = YES_ERROR;
				CLANG_WARN_DOCUMENTATION_COMMENTS = YES;
				CLANG_WARN_EMPTY_BODY = YES;
				CLANG_WARN_ENUM_CONVERSION = YES;
				CLANG_WARN_INFINITE_RECURSION = YES;
				CLANG_WARN_INT_CONVERSION = YES;
				CLANG_WARN_NON_LITERAL_NULL_CONVERSION = YES;
				CLANG_WARN_OBJC_IMPLICIT_RETAIN_SELF = YES;
				CLANG_WARN_OBJC_LITERAL_CONVERSION = YES;
				CLANG_WARN_OBJC_ROOT_CLASS = YES_ERROR;
				CLANG_WARN_QUOTED_INCLUDE_IN_FRAMEWORK_HEADER = YES;
				CLANG_WARN_RANGE_LOOP_ANALYSIS = YES;
				CLANG_WARN_STRICT_PROTOTYPES = YES;
				CLANG_WARN_SUSPICIOUS_MOVE = YES;
				CLANG_WARN_UNGUARDED_AVAILABILITY = YES_AGGRESSIVE;
				CLANG_WARN_UNREACHABLE_CODE = YES;
				CLANG_WARN__DUPLICATE_METHOD_MATCH = YES;
				COPY_PHASE_STRIP = NO;
				DEBUG_INFORMATION_FORMAT = dwarf;
				ENABLE_STRICT_OBJC_MSGSEND = YES;
				ENABLE_TESTABILITY = YES;
				GCC_C_LANGUAGE_STANDARD = gnu11;
				GCC_DYNAMIC_NO_PIC = NO;
				GCC_NO_COMMON_BLOCKS = YES;
				GCC_OPTIMIZATION_LEVEL = 0;
				GCC_PREPROCESSOR_DEFINITIONS = (
					"DEBUG=1",
					"$(inherited)",
				);
				GCC_WARN_64_TO_32_BIT_CONVERSION = YES;
				GCC_WARN_ABOUT_RETURN_TYPE = YES_ERROR;
				GCC_WARN_UNDECLARED_SELECTOR = YES;
				GCC_WARN_UNINITIALIZED_AUTOS = YES_AGGRESSIVE;
				GCC_WARN_UNUSED_FUNCTION = YES;
				GCC_WARN_UNUSED_VARIABLE = YES;
				IPHONEOS_DEPLOYMENT_TARGET = 16.1;
				MTL_ENABLE_DEBUG_INFO = INCLUDE_SOURCE;
				MTL_FAST_MATH = YES;
				ONLY_ACTIVE_ARCH = YES;
				SDKROOT = iphoneos;
				SWIFT_ACTIVE_COMPILATION_CONDITIONS = DEBUG;
				SWIFT_OPTIMIZATION_LEVEL = "-Onone";
			};
			name = Debug;
		};
		638E757F29348E7800388FF5 /* Release */ = {
			isa = XCBuildConfiguration;
			buildSettings = {
				ALWAYS_SEARCH_USER_PATHS = NO;
				CLANG_ANALYZER_NONNULL = YES;
				CLANG_ANALYZER_NUMBER_OBJECT_CONVERSION = YES_AGGRESSIVE;
				CLANG_CXX_LANGUAGE_STANDARD = "gnu++20";
				CLANG_ENABLE_MODULES = YES;
				CLANG_ENABLE_OBJC_ARC = YES;
				CLANG_ENABLE_OBJC_WEAK = YES;
				CLANG_WARN_BLOCK_CAPTURE_AUTORELEASING = YES;
				CLANG_WARN_BOOL_CONVERSION = YES;
				CLANG_WARN_COMMA = YES;
				CLANG_WARN_CONSTANT_CONVERSION = YES;
				CLANG_WARN_DEPRECATED_OBJC_IMPLEMENTATIONS = YES;
				CLANG_WARN_DIRECT_OBJC_ISA_USAGE = YES_ERROR;
				CLANG_WARN_DOCUMENTATION_COMMENTS = YES;
				CLANG_WARN_EMPTY_BODY = YES;
				CLANG_WARN_ENUM_CONVERSION = YES;
				CLANG_WARN_INFINITE_RECURSION = YES;
				CLANG_WARN_INT_CONVERSION = YES;
				CLANG_WARN_NON_LITERAL_NULL_CONVERSION = YES;
				CLANG_WARN_OBJC_IMPLICIT_RETAIN_SELF = YES;
				CLANG_WARN_OBJC_LITERAL_CONVERSION = YES;
				CLANG_WARN_OBJC_ROOT_CLASS = YES_ERROR;
				CLANG_WARN_QUOTED_INCLUDE_IN_FRAMEWORK_HEADER = YES;
				CLANG_WARN_RANGE_LOOP_ANALYSIS = YES;
				CLANG_WARN_STRICT_PROTOTYPES = YES;
				CLANG_WARN_SUSPICIOUS_MOVE = YES;
				CLANG_WARN_UNGUARDED_AVAILABILITY = YES_AGGRESSIVE;
				CLANG_WARN_UNREACHABLE_CODE = YES;
				CLANG_WARN__DUPLICATE_METHOD_MATCH = YES;
				COPY_PHASE_STRIP = NO;
				DEBUG_INFORMATION_FORMAT = "dwarf-with-dsym";
				ENABLE_NS_ASSERTIONS = NO;
				ENABLE_STRICT_OBJC_MSGSEND = YES;
				GCC_C_LANGUAGE_STANDARD = gnu11;
				GCC_NO_COMMON_BLOCKS = YES;
				GCC_WARN_64_TO_32_BIT_CONVERSION = YES;
				GCC_WARN_ABOUT_RETURN_TYPE = YES_ERROR;
				GCC_WARN_UNDECLARED_SELECTOR = YES;
				GCC_WARN_UNINITIALIZED_AUTOS = YES_AGGRESSIVE;
				GCC_WARN_UNUSED_FUNCTION = YES;
				GCC_WARN_UNUSED_VARIABLE = YES;
				IPHONEOS_DEPLOYMENT_TARGET = 16.1;
				MTL_ENABLE_DEBUG_INFO = NO;
				MTL_FAST_MATH = YES;
				SDKROOT = iphoneos;
				SWIFT_COMPILATION_MODE = wholemodule;
				SWIFT_OPTIMIZATION_LEVEL = "-O";
				VALIDATE_PRODUCT = YES;
			};
			name = Release;
		};
		638E758129348E7800388FF5 /* Debug */ = {
			isa = XCBuildConfiguration;
			baseConfigurationReference = 192D471E7329EB64E9884752 /* Pods-Lotto.debug.xcconfig */;
			buildSettings = {
				ASSETCATALOG_COMPILER_APPICON_NAME = AppIcon;
				ASSETCATALOG_COMPILER_GLOBAL_ACCENT_COLOR_NAME = AccentColor;
				CODE_SIGN_STYLE = Automatic;
				CURRENT_PROJECT_VERSION = 1;
				DEVELOPMENT_TEAM = CZ4JC4ARDZ;
				GENERATE_INFOPLIST_FILE = YES;
				INFOPLIST_FILE = Lotto/Info.plist;
				INFOPLIST_KEY_LSApplicationCategoryType = "public.app-category.utilities";
				INFOPLIST_KEY_UIApplicationSupportsIndirectInputEvents = YES;
				INFOPLIST_KEY_UILaunchStoryboardName = LaunchScreen;
				INFOPLIST_KEY_UISupportedInterfaceOrientations = UIInterfaceOrientationPortrait;
				INFOPLIST_KEY_UISupportedInterfaceOrientations_iPad = "UIInterfaceOrientationLandscapeLeft UIInterfaceOrientationLandscapeRight UIInterfaceOrientationPortrait UIInterfaceOrientationPortraitUpsideDown";
				IPHONEOS_DEPLOYMENT_TARGET = 14.0;
				LD_RUNPATH_SEARCH_PATHS = (
					"$(inherited)",
					"@executable_path/Frameworks",
				);
				MARKETING_VERSION = 1.0;
				PRODUCT_BUNDLE_IDENTIFIER = com.93bpm.Lotto;
				PRODUCT_NAME = "$(TARGET_NAME)";
				SUPPORTED_PLATFORMS = "iphoneos iphonesimulator";
				SUPPORTS_MACCATALYST = NO;
				SUPPORTS_MAC_DESIGNED_FOR_IPHONE_IPAD = YES;
				SWIFT_EMIT_LOC_STRINGS = YES;
				SWIFT_VERSION = 5.0;
				TARGETED_DEVICE_FAMILY = 1;
			};
			name = Debug;
		};
		638E758229348E7800388FF5 /* Release */ = {
			isa = XCBuildConfiguration;
			baseConfigurationReference = 7329730CFF7CF56F497E90E1 /* Pods-Lotto.release.xcconfig */;
			buildSettings = {
				ASSETCATALOG_COMPILER_APPICON_NAME = AppIcon;
				ASSETCATALOG_COMPILER_GLOBAL_ACCENT_COLOR_NAME = AccentColor;
				CODE_SIGN_STYLE = Automatic;
				CURRENT_PROJECT_VERSION = 1;
				DEVELOPMENT_TEAM = CZ4JC4ARDZ;
				GENERATE_INFOPLIST_FILE = YES;
				INFOPLIST_FILE = Lotto/Info.plist;
				INFOPLIST_KEY_LSApplicationCategoryType = "public.app-category.utilities";
				INFOPLIST_KEY_UIApplicationSupportsIndirectInputEvents = YES;
				INFOPLIST_KEY_UILaunchStoryboardName = LaunchScreen;
				INFOPLIST_KEY_UISupportedInterfaceOrientations = UIInterfaceOrientationPortrait;
				INFOPLIST_KEY_UISupportedInterfaceOrientations_iPad = "UIInterfaceOrientationLandscapeLeft UIInterfaceOrientationLandscapeRight UIInterfaceOrientationPortrait UIInterfaceOrientationPortraitUpsideDown";
				IPHONEOS_DEPLOYMENT_TARGET = 14.0;
				LD_RUNPATH_SEARCH_PATHS = (
					"$(inherited)",
					"@executable_path/Frameworks",
				);
				MARKETING_VERSION = 1.0;
				PRODUCT_BUNDLE_IDENTIFIER = com.93bpm.Lotto;
				PRODUCT_NAME = "$(TARGET_NAME)";
				SUPPORTED_PLATFORMS = "iphoneos iphonesimulator";
				SUPPORTS_MACCATALYST = NO;
				SUPPORTS_MAC_DESIGNED_FOR_IPHONE_IPAD = YES;
				SWIFT_EMIT_LOC_STRINGS = YES;
				SWIFT_VERSION = 5.0;
				TARGETED_DEVICE_FAMILY = 1;
			};
			name = Release;
		};
/* End XCBuildConfiguration section */

/* Begin XCConfigurationList section */
		638E756429348E7700388FF5 /* Build configuration list for PBXProject "Lotto" */ = {
			isa = XCConfigurationList;
			buildConfigurations = (
				638E757E29348E7800388FF5 /* Debug */,
				638E757F29348E7800388FF5 /* Release */,
			);
			defaultConfigurationIsVisible = 0;
			defaultConfigurationName = Release;
		};
		638E758029348E7800388FF5 /* Build configuration list for PBXNativeTarget "Lotto" */ = {
			isa = XCConfigurationList;
			buildConfigurations = (
				638E758129348E7800388FF5 /* Debug */,
				638E758229348E7800388FF5 /* Release */,
			);
			defaultConfigurationIsVisible = 0;
			defaultConfigurationName = Release;
		};
/* End XCConfigurationList section */

/* Begin XCVersionGroup section */
		638E757529348E7700388FF5 /* Lotto.xcdatamodeld */ = {
			isa = XCVersionGroup;
			children = (
				638E757629348E7700388FF5 /* Lotto.xcdatamodel */,
			);
			currentVersion = 638E757629348E7700388FF5 /* Lotto.xcdatamodel */;
			path = Lotto.xcdatamodeld;
			sourceTree = "<group>";
			versionGroupType = wrapper.xcdatamodel;
		};
/* End XCVersionGroup section */
	};
	rootObject = 638E756129348E7700388FF5 /* Project object */;
}
